Microsoft Visual Studio Solution File, Format Version 12.00
# Visual Studio 2012
Project("{FAE04EC0-301F-11D3-BF4B-00C04F79EFBC}") = "AlchemyGame", "AlchemyGame.csproj", "{A26D4538-20E2-4104-A79F-8F727365EA5F}"
EndProject
Global
	GlobalSection(SolutionConfigurationPlatforms) = preSolution
	Debug|Any CPU = Debug|Any CPU
	ExportDebug|Any CPU = ExportDebug|Any CPU
	ExportRelease|Any CPU = ExportRelease|Any CPU
	EndGlobalSection
	GlobalSection(ProjectConfigurationPlatforms) = postSolution
		{A26D4538-20E2-4104-A79F-8F727365EA5F}.Debug|Any CPU.ActiveCfg = Debug|Any CPU
		{A26D4538-20E2-4104-A79F-8F727365EA5F}.Debug|Any CPU.Build.0 = Debug|Any CPU
		{A26D4538-20E2-4104-A79F-8F727365EA5F}.ExportDebug|Any CPU.ActiveCfg = ExportDebug|Any CPU
		{A26D4538-20E2-4104-A79F-8F727365EA5F}.ExportDebug|Any CPU.Build.0 = ExportDebug|Any CPU
		{A26D4538-20E2-4104-A79F-8F727365EA5F}.ExportRelease|Any CPU.ActiveCfg = ExportRelease|Any CPU
		{A26D4538-20E2-4104-A79F-8F727365EA5F}.ExportRelease|Any CPU.Build.0 = ExportRelease|Any CPU
	EndGlobalSection
EndGlobal
